
Microsoft Visual Studio Solution File, Format Version 12.00
# Visual Studio 2012
Project("{FAE04EC0-301F-11D3-BF4B-00C04F79EFBC}") = "UIStackViewExample", "UIStackViewExample\UIStackViewExample.csproj", "{BD5808FD-18FC-48B5-A1A6-C99262E7B1A9}"
EndProject
Global
	GlobalSection(SolutionConfigurationPlatforms) = preSolution
		Debug|iPhoneSimulator = Debug|iPhoneSimulator
		Release|iPhone = Release|iPhone
		Release|iPhoneSimulator = Release|iPhoneSimulator
		Debug|iPhone = Debug|iPhone
		Debug|Any CPU = Debug|Any CPU
		Release|Any CPU = Release|Any CPU
	EndGlobalSection
	GlobalSection(ProjectConfigurationPlatforms) = postSolution
		{BD5808FD-18FC-48B5-A1A6-C99262E7B1A9}.Debug|Any CPU.ActiveCfg = Debug|iPhoneSimulator
		{BD5808FD-18FC-48B5-A1A6-C99262E7B1A9}.Debug|Any CPU.Build.0 = Debug|iPhoneSimulator
		{BD5808FD-18FC-48B5-A1A6-C99262E7B1A9}.Debug|iPhone.ActiveCfg = Debug|iPhone
		{BD5808FD-18FC-48B5-A1A6-C99262E7B1A9}.Debug|iPhone.Build.0 = Debug|iPhone
		{BD5808FD-18FC-48B5-A1A6-C99262E7B1A9}.Debug|iPhoneSimulator.ActiveCfg = Debug|iPhoneSimulator
		{BD5808FD-18FC-48B5-A1A6-C99262E7B1A9}.Debug|iPhoneSimulator.Build.0 = Debug|iPhoneSimulator
		{BD5808FD-18FC-48B5-A1A6-C99262E7B1A9}.Release|Any CPU.ActiveCfg = Release|iPhone
		{BD5808FD-18FC-48B5-A1A6-C99262E7B1A9}.Release|Any CPU.Build.0 = Release|iPhone
		{BD5808FD-18FC-48B5-A1A6-C99262E7B1A9}.Release|iPhone.ActiveCfg = Release|iPhone
		{BD5808FD-18FC-48B5-A1A6-C99262E7B1A9}.Release|iPhone.Build.0 = Release|iPhone
		{BD5808FD-18FC-48B5-A1A6-C99262E7B1A9}.Release|iPhoneSimulator.ActiveCfg = Release|iPhoneSimulator
		{BD5808FD-18FC-48B5-A1A6-C99262E7B1A9}.Release|iPhoneSimulator.Build.0 = Release|iPhoneSimulator
	EndGlobalSection
EndGlobal
